
Microsoft Visual Studio Solution File, Format Version 12.00
# Visual Studio Version 16
VisualStudioVersion = 16.0.29613.14
MinimumVisualStudioVersion = 10.0.40219.1
Project("{2150E333-8FDC-42A3-9474-1A3956D46DE8}") = "src", "src", "{CD57793D-AC6E-4424-B9C0-432D4F73BBC3}"
EndProject
Project("{FAE04EC0-301F-11D3-BF4B-00C04F79EFBC}") = "Leargning.DependencyInjection.Api", "src\Leargning.DependencyInjection.Api\Leargning.DependencyInjection.Api.csproj", "{7B2795E3-705F-4FE0-A930-80CCBEE81CB3}"
EndProject
Global
	GlobalSection(SolutionConfigurationPlatforms) = preSolution
		Debug|Any CPU = Debug|Any CPU
		Release|Any CPU = Release|Any CPU
	EndGlobalSection
	GlobalSection(ProjectConfigurationPlatforms) = postSolution
		{7B2795E3-705F-4FE0-A930-80CCBEE81CB3}.Debug|Any CPU.ActiveCfg = Debug|Any CPU
		{7B2795E3-705F-4FE0-A930-80CCBEE81CB3}.Debug|Any CPU.Build.0 = Debug|Any CPU
		{7B2795E3-705F-4FE0-A930-80CCBEE81CB3}.Release|Any CPU.ActiveCfg = Release|Any CPU
		{7B2795E3-705F-4FE0-A930-80CCBEE81CB3}.Release|Any CPU.Build.0 = Release|Any CPU
	EndGlobalSection
	GlobalSection(SolutionProperties) = preSolution
		HideSolutionNode = FALSE
	EndGlobalSection
	GlobalSection(NestedProjects) = preSolution
		{7B2795E3-705F-4FE0-A930-80CCBEE81CB3} = {CD57793D-AC6E-4424-B9C0-432D4F73BBC3}
	EndGlobalSection
	GlobalSection(ExtensibilityGlobals) = postSolution
		SolutionGuid = {B432C0A2-0EB9-4891-8E4C-DB774A39EA6D}
	EndGlobalSection
EndGlobal
